
Microsoft Visual Studio Solution File, Format Version 12.00
# Visual Studio Version 16
VisualStudioVersion = 16.0.28922.388
MinimumVisualStudioVersion = 10.0.40219.1
Project("{FAE04EC0-301F-11D3-BF4B-00C04F79EFBC}") = "WonderlandRenamer", "WonderlandRenamer\WonderlandRenamer.csproj", "{7A94ECA9-238F-4A49-9669-35EC2403ECFC}"
EndProject
Global
	GlobalSection(SolutionConfigurationPlatforms) = preSolution
		Debug|Any CPU = Debug|Any CPU
		Release|Any CPU = Release|Any CPU
	EndGlobalSection
	GlobalSection(ProjectConfigurationPlatforms) = postSolution
		{7A94ECA9-238F-4A49-9669-35EC2403ECFC}.Debug|Any CPU.ActiveCfg = Debug|Any CPU
		{7A94ECA9-238F-4A49-9669-35EC2403ECFC}.Debug|Any CPU.Build.0 = Debug|Any CPU
		{7A94ECA9-238F-4A49-9669-35EC2403ECFC}.Release|Any CPU.ActiveCfg = Release|Any CPU
		{7A94ECA9-238F-4A49-9669-35EC2403ECFC}.Release|Any CPU.Build.0 = Release|Any CPU
	EndGlobalSection
	GlobalSection(SolutionProperties) = preSolution
		HideSolutionNode = FALSE
	EndGlobalSection
	GlobalSection(ExtensibilityGlobals) = postSolution
		SolutionGuid = {7BF9B2AD-AD91-4072-9BEC-45C235668C4A}
	EndGlobalSection
EndGlobal
